        # Generated by pub. See: http://pub.dartlang.org/doc/glossary.html#lockfile
         {"packages":{"browser":{"version":"0.4.2","source":"hosted","description":"browser"},"simple_audio":{"version":"0.9.0","source":"git","description":{"url":"https://github.com/johnmccutchan/simpleaudio.git","ref":null,"resolved-ref":"a87c1c44d85b80cf7b2cd47d9aa535ab0dc1b9a6"}},"asset_pack":{"version":"0.6.0","source":"git","description":{"url":"https://github.com/johnmccutchan/asset_pack.git","ref":null,"resolved-ref":"afada18c9332cc228c15ae8268c7faa5c9fee745"}},"unittest":{"version":"0.4.2","source":"hosted","description":"unittest"},"meta":{"version":"0.4.2","source":"hosted","description":"meta"}}}
        