{"packages":{"browser":{"version":"0.0.1","source":"hosted","description":"browser"},"simple_audio":{"version":"0.9.0","source":"git","description":{"url":"https://github.com/johnmccutchan/simpleaudio.git","ref":null,"resolved-ref":"4638da536c6778bc64191173b5dc1f52182c16ee"}},"asset_pack":{"version":"0.0.1","source":"git","description":{"url":"https://github.com/johnmccutchan/asset_pack.git","ref":null,"resolved-ref":"c978f91bc329044c47a1482cf34950f4c8ef3cf9"}},"property_map":{"version":"0.0.1","source":"hosted","description":"property_map"},"unittest":{"version":"0.2.10+1","source":"hosted","description":"unittest"}}}